<?xml version="1.0" encoding="utf-8"?>
<Project ToolsVersion="4.0" xmlns="http://schemas.microsoft.com/developer/msbuild/2003">
  <ItemGroup>
    <Filter Include="Headers">
      <UniqueIdentifier>{844da2bb-d404-4c5f-935a-69cac5e23e6d}</UniqueIdentifier>
    </Filter>
    <Filter Include="Resources">
      <UniqueIdentifier>{a5af9dec-f0a7-40b3-a0de-7318bf2d8cf4}</UniqueIdentifier>
    </Filter>
    <Filter Include="Sources">
      <UniqueIdentifier>{1f95ed37-fb57-438e-81cc-6645dbdb2e3d}</UniqueIdentifier>
    </Filter>
    <Filter Include="Sources\sound">
      <UniqueIdentifier>{cb2d362d-9afc-46c8-a806-6263902417f5}</UniqueIdentifier>
    </Filter>
    <Filter Include="Headers\sound">
      <UniqueIdentifier>{eb0e5da6-3e7b-465f-9c25-986a749167a7}</UniqueIdentifier>
    </Filter>
    <Filter Include="Sources\ft8xx">
      <UniqueIdentifier>{d427986d-9761-4968-a8cc-f48848aa251a}</UniqueIdentifier>
    </Filter>
    <Filter Include="debugger">
      <UniqueIdentifier>{6f7218a8-88df-4f06-8d60-2f543989efb0}</UniqueIdentifier>
    </Filter>
  </ItemGroup>
  <ItemGroup>
    <None Include="res\main.ico">
      <Filter>Resources</Filter>
    </None>
    <None Include="res\cur00000.cur">
      <Filter>Resources</Filter>
    </None>
    <None Include="res\cur00008.cur">
      <Filter>Resources</Filter>
    </None>
    <None Include="res\cur00001.cur">
      <Filter>Resources</Filter>
    </None>
    <None Include="res\cur00002.cur">
      <Filter>Resources</Filter>
    </None>
    <None Include="res\cur00003.cur">
      <Filter>Resources</Filter>
    </None>
    <None Include="res\cur00004.cur">
      <Filter>Resources</Filter>
    </None>
    <None Include="res\cur00005.cur">
      <Filter>Resources</Filter>
    </None>
    <None Include="res\cur00006.cur">
      <Filter>Resources</Filter>
    </None>
    <None Include="res\cur00007.cur">
      <Filter>Resources</Filter>
    </None>
    <None Include="ImGui\imgui.ini" />
  </ItemGroup>
  <ItemGroup>
    <ClCompile Include="cheat.cpp">
      <Filter>Sources</Filter>
    </ClCompile>
    <ClCompile Include="config.cpp">
      <Filter>Sources</Filter>
    </ClCompile>
    <ClCompile Include="draw.cpp">
      <Filter>Sources</Filter>
    </ClCompile>
    <ClCompile Include="drawnomc.cpp">
      <Filter>Sources</Filter>
    </ClCompile>
    <ClCompile Include="dx\dx.cpp">
      <Filter>Sources</Filter>
    </ClCompile>
    <ClCompile Include="dx\dxerr.cpp">
      <Filter>Sources</Filter>
    </ClCompile>
    <ClCompile Include="dx\dxrend.cpp">
      <Filter>Sources</Filter>
    </ClCompile>
    <ClCompile Include="emul.cpp">
      <Filter>Sources</Filter>
    </ClCompile>
    <ClCompile Include="sound\emul_2203.cpp">
      <Filter>Sources</Filter>
    </ClCompile>
    <ClCompile Include="emulkeys.cpp">
      <Filter>Sources</Filter>
    </ClCompile>
    <ClCompile Include="fntsrch.cpp">
      <Filter>Sources</Filter>
    </ClCompile>
    <ClCompile Include="font.cpp">
      <Filter>Sources</Filter>
    </ClCompile>
    <ClCompile Include="font16.cpp">
      <Filter>Sources</Filter>
    </ClCompile>
    <ClCompile Include="getopt.cpp">
      <Filter>Sources</Filter>
    </ClCompile>
    <ClCompile Include="hard\gs\gs.cpp">
      <Filter>Sources</Filter>
    </ClCompile>
    <ClCompile Include="hard\gs\gshlbass.cpp">
      <Filter>Sources</Filter>
    </ClCompile>
    <ClCompile Include="hard\gs\gshle.cpp">
      <Filter>Sources</Filter>
    </ClCompile>
    <ClCompile Include="hard\gs\gsz80.cpp">
      <Filter>Sources</Filter>
    </ClCompile>
    <ClCompile Include="hard\hdd\hdd.cpp">
      <Filter>Sources</Filter>
    </ClCompile>
    <ClCompile Include="hard\hdd\hddaspi.cpp">
      <Filter>Sources</Filter>
    </ClCompile>
    <ClCompile Include="hard\hdd\hddio.cpp">
      <Filter>Sources</Filter>
    </ClCompile>
    <ClCompile Include="inputpc.cpp">
      <Filter>Sources</Filter>
    </ClCompile>
    <ClCompile Include="io.cpp">
      <Filter>Sources</Filter>
    </ClCompile>
    <ClCompile Include="keydefs.cpp">
      <Filter>Sources</Filter>
    </ClCompile>
    <ClCompile Include="leds.cpp">
      <Filter>Sources</Filter>
    </ClCompile>
    <ClCompile Include="mainloop.cpp">
      <Filter>Sources</Filter>
    </ClCompile>
    <ClCompile Include="hard\memory.cpp">
      <Filter>Sources</Filter>
    </ClCompile>
    <ClCompile Include="sound\saa1099.cpp">
      <Filter>Sources</Filter>
    </ClCompile>
    <ClCompile Include="savesnd.cpp">
      <Filter>Sources</Filter>
    </ClCompile>
    <ClCompile Include="hard\sdcard.cpp">
      <Filter>Sources</Filter>
    </ClCompile>
    <ClCompile Include="snapshot.cpp">
      <Filter>Sources</Filter>
    </ClCompile>
    <ClCompile Include="sound\snd_bass.cpp">
      <Filter>Sources</Filter>
    </ClCompile>
    <ClCompile Include="sound\sndbuffer.cpp">
      <Filter>Sources</Filter>
    </ClCompile>
    <ClCompile Include="sound\sndchip.cpp">
      <Filter>Sources</Filter>
    </ClCompile>
    <ClCompile Include="sound\sndcounter.cpp">
      <Filter>Sources</Filter>
    </ClCompile>
    <ClCompile Include="sound\sndrender.cpp">
      <Filter>Sources</Filter>
    </ClCompile>
    <ClCompile Include="sound\sound.cpp">
      <Filter>Sources</Filter>
    </ClCompile>
    <ClCompile Include="std.cpp">
      <Filter>Sources</Filter>
    </ClCompile>
    <ClCompile Include="tape.cpp">
      <Filter>Sources</Filter>
    </ClCompile>
    <ClCompile Include="hard\tsconf.cpp">
      <Filter>Sources</Filter>
    </ClCompile>
    <ClCompile Include="util.cpp">
      <Filter>Sources</Filter>
    </ClCompile>
    <ClCompile Include="vars.cpp">
      <Filter>Sources</Filter>
    </ClCompile>
    <ClCompile Include="hard\gs\vs1001.cpp">
      <Filter>Sources</Filter>
    </ClCompile>
    <ClCompile Include="hard\fdd\wd93cmd.cpp">
      <Filter>Sources</Filter>
    </ClCompile>
    <ClCompile Include="hard\fdd\wd93crc.cpp">
      <Filter>Sources</Filter>
    </ClCompile>
    <ClCompile Include="hard\fdd\wd93dat.cpp">
      <Filter>Sources</Filter>
    </ClCompile>
    <ClCompile Include="hard\fdd\wd93trk.cpp">
      <Filter>Sources</Filter>
    </ClCompile>
    <ClCompile Include="wldr_fdi.cpp">
      <Filter>Sources</Filter>
    </ClCompile>
    <ClCompile Include="wldr_isd.cpp">
      <Filter>Sources</Filter>
    </ClCompile>
    <ClCompile Include="wldr_pro.cpp">
      <Filter>Sources</Filter>
    </ClCompile>
    <ClCompile Include="wldr_td0.cpp">
      <Filter>Sources</Filter>
    </ClCompile>
    <ClCompile Include="wldr_trd.cpp">
      <Filter>Sources</Filter>
    </ClCompile>
    <ClCompile Include="wldr_udi.cpp">
      <Filter>Sources</Filter>
    </ClCompile>
    <ClCompile Include="hard\cpu\z80main.cpp">
      <Filter>Sources</Filter>
    </ClCompile>
    <ClCompile Include="hard\zc.cpp">
      <Filter>Sources</Filter>
    </ClCompile>
    <ClCompile Include="dx\dxrframe.cpp">
      <Filter>Sources</Filter>
    </ClCompile>
    <ClCompile Include="dx\dxrcopy.cpp">
      <Filter>Sources</Filter>
    </ClCompile>
    <ClCompile Include="drawers.cpp">
      <Filter>Sources</Filter>
    </ClCompile>
    <ClCompile Include="depack.cpp">
      <Filter>Sources</Filter>
    </ClCompile>
    <ClCompile Include="savevid.cpp">
      <Filter>Sources</Filter>
    </ClCompile>
    <ClCompile Include="sound\ymf278.cpp">
      <Filter>Sources\sound</Filter>
    </ClCompile>
    <ClCompile Include="sound\dev_moonsound.cpp">
      <Filter>Sources\sound</Filter>
    </ClCompile>
    <ClCompile Include="sound\ymf262.cpp">
      <Filter>Sources\sound</Filter>
    </ClCompile>
    <ClCompile Include="hard\zf232.cpp">
      <Filter>Sources</Filter>
    </ClCompile>
    <ClCompile Include="hard\ft812.cpp">
      <Filter>Sources</Filter>
    </ClCompile>
    <ClCompile Include="sound\ayx32.cpp">
      <Filter>Sources\sound</Filter>
    </ClCompile>
    <ClCompile Include="visuals.cpp">
      <Filter>Sources</Filter>
    </ClCompile>
    <ClCompile Include="emulator\z80\z80.cpp" />
    <ClCompile Include="emulator\z80\daa_tabs.cpp" />
    <ClCompile Include="emulator\ui\gui.cpp" />
    <ClCompile Include="emulator\ui\iehelp.cpp" />
    <ClCompile Include="emulator\ui\opendlg.cpp" />
    <ClCompile Include="emulator\z80\op_cb.cpp" />
    <ClCompile Include="emulator\z80\op_dd.cpp" />
    <ClCompile Include="emulator\z80\op_ddcb.cpp" />
    <ClCompile Include="emulator\z80\op_ed.cpp" />
    <ClCompile Include="emulator\z80\op_fd.cpp" />
    <ClCompile Include="emulator\z80\op_noprefix.cpp" />
    <ClCompile Include="emulator\z80\tables.cpp" />
    <ClCompile Include="emulator\z80\z80asm.cpp" />
    <ClCompile Include="emulator\debugger\dbgbpx.cpp" />
    <ClCompile Include="emulator\debugger\dbgcmd.cpp" />
    <ClCompile Include="emulator\debugger\dbglabls.cpp" />
    <ClCompile Include="emulator\debugger\dbgmem.cpp" />
    <ClCompile Include="emulator\debugger\dbgoth.cpp" />
    <ClCompile Include="emulator\debugger\dbgpaint.cpp" />
    <ClCompile Include="emulator\debugger\dbgreg.cpp" />
    <ClCompile Include="emulator\debugger\dbgrwdlg.cpp" />
    <ClCompile Include="emulator\debugger\dbgtrace.cpp" />
    <ClCompile Include="emulator\debugger\dbgtsconf.cpp" />
    <ClCompile Include="emulator\debugger\dbgwidgets.cpp" />
    <ClCompile Include="emulator\debugger\debug.cpp" />
    <ClCompile Include="ImGui\imgui.cpp" />
    <ClCompile Include="ImGui\imgui_demo.cpp" />
    <ClCompile Include="ImGui\imgui_draw.cpp" />
    <ClCompile Include="ImGui\imgui_impl_sdl2.cpp" />
    <ClCompile Include="ImGui\imgui_impl_sdlrenderer.cpp" />
    <ClCompile Include="ImGui\imgui_tables.cpp" />
    <ClCompile Include="ImGui\imgui_widgets.cpp" />
    <ClCompile Include="input.cpp" />
  </ItemGroup>
  <ItemGroup>
    <ClInclude Include="cheat.h">
      <Filter>Headers</Filter>
    </ClInclude>
    <ClInclude Include="config.h">
      <Filter>Headers</Filter>
    </ClInclude>
    <ClInclude Include="draw.h">
      <Filter>Headers</Filter>
    </ClInclude>
    <ClInclude Include="drawnomc.h">
      <Filter>Headers</Filter>
    </ClInclude>
    <ClInclude Include="dx\dx.h">
      <Filter>Headers</Filter>
    </ClInclude>
    <ClInclude Include="dx\dxerr.h">
      <Filter>Headers</Filter>
    </ClInclude>
    <ClInclude Include="dx\dxerr8.h">
      <Filter>Headers</Filter>
    </ClInclude>
    <ClInclude Include="dx\dxrend.h">
      <Filter>Headers</Filter>
    </ClInclude>
    <ClInclude Include="dx\dxrframe.h">
      <Filter>Headers</Filter>
    </ClInclude>
    <ClInclude Include="emul.h">
      <Filter>Headers</Filter>
    </ClInclude>
    <ClInclude Include="sound\emul_2203.h">
      <Filter>Headers</Filter>
    </ClInclude>
    <ClInclude Include="emulkeys.h">
      <Filter>Headers</Filter>
    </ClInclude>
    <ClInclude Include="fntsrch.h">
      <Filter>Headers</Filter>
    </ClInclude>
    <ClInclude Include="font.h">
      <Filter>Headers</Filter>
    </ClInclude>
    <ClInclude Include="font16.h">
      <Filter>Headers</Filter>
    </ClInclude>
    <ClInclude Include="funcs.h">
      <Filter>Headers</Filter>
    </ClInclude>
    <ClInclude Include="getopt.h">
      <Filter>Headers</Filter>
    </ClInclude>
    <ClInclude Include="hard\gs\gs.h">
      <Filter>Headers</Filter>
    </ClInclude>
    <ClInclude Include="hard\gs\gshle.h">
      <Filter>Headers</Filter>
    </ClInclude>
    <ClInclude Include="hard\gs\gsz80.h">
      <Filter>Headers</Filter>
    </ClInclude>
    <ClInclude Include="hard\hdd\hdd.h">
      <Filter>Headers</Filter>
    </ClInclude>
    <ClInclude Include="hard\hdd\hddio.h">
      <Filter>Headers</Filter>
    </ClInclude>
    <ClInclude Include="input.h">
      <Filter>Headers</Filter>
    </ClInclude>
    <ClInclude Include="inputpc.h">
      <Filter>Headers</Filter>
    </ClInclude>
    <ClInclude Include="leds.h">
      <Filter>Headers</Filter>
    </ClInclude>
    <ClInclude Include="mainloop.h">
      <Filter>Headers</Filter>
    </ClInclude>
    <ClInclude Include="hard\memory.h">
      <Filter>Headers</Filter>
    </ClInclude>
    <ClInclude Include="mods.h">
      <Filter>Headers</Filter>
    </ClInclude>
    <ClInclude Include="resource.h">
      <Filter>Headers</Filter>
    </ClInclude>
    <ClInclude Include="sound\saa1099.h">
      <Filter>Headers</Filter>
    </ClInclude>
    <ClInclude Include="savesnd.h">
      <Filter>Headers</Filter>
    </ClInclude>
    <ClInclude Include="hard\sdcard.h">
      <Filter>Headers</Filter>
    </ClInclude>
    <ClInclude Include="snapshot.h">
      <Filter>Headers</Filter>
    </ClInclude>
    <ClInclude Include="sound\snd_bass.h">
      <Filter>Headers</Filter>
    </ClInclude>
    <ClInclude Include="sound\sndbuffer.h">
      <Filter>Headers</Filter>
    </ClInclude>
    <ClInclude Include="sound\sndchip.h">
      <Filter>Headers</Filter>
    </ClInclude>
    <ClInclude Include="sound\sndcounter.h">
      <Filter>Headers</Filter>
    </ClInclude>
    <ClInclude Include="sound\sndrender.h">
      <Filter>Headers</Filter>
    </ClInclude>
    <ClInclude Include="sound\sound.h">
      <Filter>Headers</Filter>
    </ClInclude>
    <ClInclude Include="std.h">
      <Filter>Headers</Filter>
    </ClInclude>
    <ClInclude Include="sysdefs.h">
      <Filter>Headers</Filter>
    </ClInclude>
    <ClInclude Include="tape.h">
      <Filter>Headers</Filter>
    </ClInclude>
    <ClInclude Include="hard\tsconf.h">
      <Filter>Headers</Filter>
    </ClInclude>
    <ClInclude Include="util.h">
      <Filter>Headers</Filter>
    </ClInclude>
    <ClInclude Include="vars.h">
      <Filter>Headers</Filter>
    </ClInclude>
    <ClInclude Include="hard\gs\vs1001.h">
      <Filter>Headers</Filter>
    </ClInclude>
    <ClInclude Include="hard\fdd\wd93.h">
      <Filter>Headers</Filter>
    </ClInclude>
    <ClInclude Include="hard\fdd\wd93crc.h">
      <Filter>Headers</Filter>
    </ClInclude>
    <ClInclude Include="hard\fdd\wd93dat.h">
      <Filter>Headers</Filter>
    </ClInclude>
    <ClInclude Include="hard\cpu\z80main.h">
      <Filter>Headers</Filter>
    </ClInclude>
    <ClInclude Include="hard\zc.h">
      <Filter>Headers</Filter>
    </ClInclude>
    <ClInclude Include="dx\dxrcopy.h">
      <Filter>Headers</Filter>
    </ClInclude>
    <ClInclude Include="drawers.h">
      <Filter>Headers</Filter>
    </ClInclude>
    <ClInclude Include="depack.h">
      <Filter>Headers</Filter>
    </ClInclude>
    <ClInclude Include="savevid.h">
      <Filter>Headers</Filter>
    </ClInclude>
    <ClInclude Include="sound\ymf262.h">
      <Filter>Headers\sound</Filter>
    </ClInclude>
    <ClInclude Include="sound\dev_moonsound.h">
      <Filter>Headers\sound</Filter>
    </ClInclude>
    <ClInclude Include="sound\ymf278.h">
      <Filter>Headers\sound</Filter>
    </ClInclude>
    <ClInclude Include="hard\zf232.h">
      <Filter>Headers</Filter>
    </ClInclude>
    <ClInclude Include="hard\ft812.h">
      <Filter>Headers</Filter>
    </ClInclude>
    <ClInclude Include="sound\ayx32.h">
      <Filter>Headers\sound</Filter>
    </ClInclude>
    <ClInclude Include="visuals.h">
      <Filter>Headers</Filter>
    </ClInclude>
    <ClInclude Include="hard\cpu\z80main_fn.h" />
    <ClInclude Include="hard\gs\gsz80_fn.h" />
    <ClInclude Include="emulator\z80\private.h" />
    <ClInclude Include="emulator\z80\z80.h" />
    <ClInclude Include="emulator\ui\gui.h" />
    <ClInclude Include="emulator\ui\iehelp.h" />
    <ClInclude Include="emulator\ui\opendlg.h" />
    <ClInclude Include="emulator\z80\z80asm.h" />
    <ClInclude Include="emulator\debugger\debug.h" />
    <ClInclude Include="emulator\debugger\dbgbpx.h" />
    <ClInclude Include="emulator\debugger\dbgcmd.h" />
    <ClInclude Include="emulator\debugger\dbglabls.h" />
    <ClInclude Include="emulator\debugger\dbgmem.h" />
    <ClInclude Include="emulator\debugger\dbgoth.h" />
    <ClInclude Include="emulator\debugger\dbgpaint.h" />
    <ClInclude Include="emulator\debugger\dbgreg.h" />
    <ClInclude Include="emulator\debugger\dbgrwdlg.h" />
    <ClInclude Include="emulator\debugger\dbgtrace.h" />
    <ClInclude Include="emulator\debugger\dbgtsconf.h" />
    <ClInclude Include="emulator\debugger\dbgwidgets.h" />
    <ClInclude Include="ImGui\imconfig.h" />
    <ClInclude Include="ImGui\imgui.h" />
    <ClInclude Include="ImGui\imgui_impl_sdl2.h" />
    <ClInclude Include="ImGui\imgui_impl_sdlrenderer.h" />
    <ClInclude Include="ImGui\imgui_internal.h" />
    <ClInclude Include="ImGui\imstb_rectpack.h" />
    <ClInclude Include="ImGui\imstb_textedit.h" />
    <ClInclude Include="ImGui\imstb_truetype.h" />
    <ClInclude Include="ImGui\stb_sprintf.h" />
    <ClInclude Include="emulator\emul_config.h" />
  </ItemGroup>
  <ItemGroup>
    <ResourceCompile Include="Unreal.rc">
      <Filter>Resources</Filter>
    </ResourceCompile>
  </ItemGroup>
  <ItemGroup>
    <Text Include="ImGui\LICENSE.txt" />
  </ItemGroup>
</Project>