<?xml version="1.0" encoding="utf-8"?>
<Project ToolsVersion="4.0" xmlns="http://schemas.microsoft.com/developer/msbuild/2003">
  <ItemGroup>
    <ClInclude Include="stdafx.h" />
    <ClInclude Include="targetver.h" />
    <ClInclude Include="getopt\getopt.h">
      <Filter>getopt</Filter>
    </ClInclude>
    <ClInclude Include="getopt\getopt_int.h">
      <Filter>getopt</Filter>
    </ClInclude>
    <ClInclude Include="tsspiffs\tsspiffs.h">
      <Filter>tsf</Filter>
    </ClInclude>
  </ItemGroup>
  <ItemGroup>
    <ClCompile Include="stdafx.cpp" />
    <ClCompile Include="main.cpp" />
    <ClCompile Include="getopt\getopt.c">
      <Filter>getopt</Filter>
    </ClCompile>
    <ClCompile Include="tsspiffs\tsspiffs.c">
      <Filter>tsf</Filter>
    </ClCompile>
  </ItemGroup>
  <ItemGroup>
    <Filter Include="getopt">
      <UniqueIdentifier>{07539816-1d80-4b2a-90f4-3496bdd8461b}</UniqueIdentifier>
    </Filter>
    <Filter Include="tsf">
      <UniqueIdentifier>{e551603b-5117-49e0-85b9-9e19051fa84d}</UniqueIdentifier>
    </Filter>
  </ItemGroup>
</Project>